github.com/Tch1b0/polaris v0.0.0-20221202152221-5b20a0e30bea h1:IglCYCH1dILePuRq64qMaizkmCVYEEP6yYe2/Sz5XOM=
github.com/Tch1b0/polaris v0.0.0-20221202152221-5b20a0e30bea/go.mod h1:YVYzaA0hnEWi2N1jDzMG2Y8BPTR5ViE+oTYk7hQjpL8=
github.com/davecgh/go-spew v1.1.1 h1:vj9j/u1bqnvCEfJOwUhtlOARqs3+rkHYY13jYWTU97c=
github.com/pmezard/go-difflib v1.0.0 h1:4DBwDE0NGyQoBHbLQYPwSUPoCMWR5BEzIk/f1lZbAQM=
github.com/stretchr/testify v1.8.1 h1:w7B6lhMri9wdJUVmEZPGGhZzrYTPvgJArz7wNPgYKsk=
gopkg.in/yaml.v3 v3.0.1 h1:fxVm/GzAzEWqLHuvctI91KS9hhNmmWOoWu0XTYJS7CA=
